// !$*UTF8*$!
{
	archiveVersion = 1;
	classes = {
	};
	objectVersion = 56;
	objects = {

/* Begin PBXBuildFile section */
		633E2BBB297AC98D00AE5C74 /* SwiftUIWebView.swift in Sources */ = {isa = PBXBuildFile; fileRef = 633E2BBA297AC98D00AE5C74 /* SwiftUIWebView.swift */; };
		633E2BBD297AF16E00AE5C74 /* SampleWebview+ScriptMessageHandler.swift in Sources */ = {isa = PBXBuildFile; fileRef = 633E2BBC297AF16E00AE5C74 /* SampleWebview+ScriptMessageHandler.swift */; };
		633E2BBF297AF2A000AE5C74 /* SampleWebView.swift in Sources */ = {isa = PBXBuildFile; fileRef = 633E2BBE297AF2A000AE5C74 /* SampleWebView.swift */; };
		633E2BC1297B03B700AE5C74 /* form.html in Resources */ = {isa = PBXBuildFile; fileRef = 633E2BC0297B03B700AE5C74 /* form.html */; };
		633E2BC3297D4FE500AE5C74 /* SampleWebView+NavigationDelegate.swift in Sources */ = {isa = PBXBuildFile; fileRef = 633E2BC2297D4FE500AE5C74 /* SampleWebView+NavigationDelegate.swift */; };
		633E2BC5297D617500AE5C74 /* secondForm.html in Resources */ = {isa = PBXBuildFile; fileRef = 633E2BC4297D617500AE5C74 /* secondForm.html */; };
		633E2BC7297D7D2A00AE5C74 /* ViewModel.swift in Sources */ = {isa = PBXBuildFile; fileRef = 633E2BC6297D7D2A00AE5C74 /* ViewModel.swift */; };
		633E2BC9297D7DD400AE5C74 /* AppManager.swift in Sources */ = {isa = PBXBuildFile; fileRef = 633E2BC8297D7DD400AE5C74 /* AppManager.swift */; };
		6364FF73297AC54C00998EF7 /* WebViewSwiftUIApp.swift in Sources */ = {isa = PBXBuildFile; fileRef = 6364FF72297AC54C00998EF7 /* WebViewSwiftUIApp.swift */; };
		6364FF75297AC54C00998EF7 /* ContentView.swift in Sources */ = {isa = PBXBuildFile; fileRef = 6364FF74297AC54C00998EF7 /* ContentView.swift */; };
		6364FF77297AC54D00998EF7 /* Assets.xcassets in Resources */ = {isa = PBXBuildFile; fileRef = 6364FF76297AC54D00998EF7 /* Assets.xcassets */; };
		6364FF7A297AC54D00998EF7 /* Preview Assets.xcassets in Resources */ = {isa = PBXBuildFile; fileRef = 6364FF79297AC54D00998EF7 /* Preview Assets.xcassets */; };
/* End PBXBuildFile section */

/* Begin PBXFileReference section */
		633E2BBA297AC98D00AE5C74 /* SwiftUIWebView.swift */ = {isa = PBXFileReference; lastKnownFileType = sourcecode.swift; path = SwiftUIWebView.swift; sourceTree = "<group>"; };
		633E2BBC297AF16E00AE5C74 /* SampleWebview+ScriptMessageHandler.swift */ = {isa = PBXFileReference; lastKnownFileType = sourcecode.swift; path = "SampleWebview+ScriptMessageHandler.swift"; sourceTree = "<group>"; };
		633E2BBE297AF2A000AE5C74 /* SampleWebView.swift */ = {isa = PBXFileReference; lastKnownFileType = sourcecode.swift; path = SampleWebView.swift; sourceTree = "<group>"; };
		633E2BC0297B03B700AE5C74 /* form.html */ = {isa = PBXFileReference; lastKnownFileType = text.html; path = form.html; sourceTree = "<group>"; };
		633E2BC2297D4FE500AE5C74 /* SampleWebView+NavigationDelegate.swift */ = {isa = PBXFileReference; lastKnownFileType = sourcecode.swift; path = "SampleWebView+NavigationDelegate.swift"; sourceTree = "<group>"; };
		633E2BC4297D617500AE5C74 /* secondForm.html */ = {isa = PBXFileReference; lastKnownFileType = text.html; path = secondForm.html; sourceTree = "<group>"; };
		633E2BC6297D7D2A00AE5C74 /* ViewModel.swift */ = {isa = PBXFileReference; lastKnownFileType = sourcecode.swift; path = ViewModel.swift; sourceTree = "<group>"; };
		633E2BC8297D7DD400AE5C74 /* AppManager.swift */ = {isa = PBXFileReference; lastKnownFileType = sourcecode.swift; path = AppManager.swift; sourceTree = "<group>"; };
		6364FF6F297AC54C00998EF7 /* WebViewSwiftUI.app */ = {isa = PBXFileReference; explicitFileType = wrapper.application; includeInIndex = 0; path = WebViewSwiftUI.app; sourceTree = BUILT_PRODUCTS_DIR; };
		6364FF72297AC54C00998EF7 /* WebViewSwiftUIApp.swift */ = {isa = PBXFileReference; lastKnownFileType = sourcecode.swift; path = WebViewSwiftUIApp.swift; sourceTree = "<group>"; };
		6364FF74297AC54C00998EF7 /* ContentView.swift */ = {isa = PBXFileReference; lastKnownFileType = sourcecode.swift; path = ContentView.swift; sourceTree = "<group>"; };
		6364FF76297AC54D00998EF7 /* Assets.xcassets */ = {isa = PBXFileReference; lastKnownFileType = folder.assetcatalog; path = Assets.xcassets; sourceTree = "<group>"; };
		6364FF79297AC54D00998EF7 /* Preview Assets.xcassets */ = {isa = PBXFileReference; lastKnownFileType = folder.assetcatalog; path = "Preview Assets.xcassets"; sourceTree = "<group>"; };
/* End PBXFileReference section */

/* Begin PBXFrameworksBuildPhase section */
		6364FF6C297AC54C00998EF7 /* Frameworks */ = {
			isa = PBXFrameworksBuildPhase;
			buildActionMask = 2147483647;
			files = (
			);
			runOnlyForDeploymentPostprocessing = 0;
		};
/* End PBXFrameworksBuildPhase section */

/* Begin PBXGroup section */
		6364FF66297AC54C00998EF7 = {
			isa = PBXGroup;
			children = (
				6364FF71297AC54C00998EF7 /* WebViewSwiftUI */,
				6364FF70297AC54C00998EF7 /* Products */,
			);
			sourceTree = "<group>";
		};
		6364FF70297AC54C00998EF7 /* Products */ = {
			isa = PBXGroup;
			children = (
				6364FF6F297AC54C00998EF7 /* WebViewSwiftUI.app */,
			);
			name = Products;
			sourceTree = "<group>";
		};
		6364FF71297AC54C00998EF7 /* WebViewSwiftUI */ = {
			isa = PBXGroup;
			children = (
				6364FF72297AC54C00998EF7 /* WebViewSwiftUIApp.swift */,
				633E2BC0297B03B700AE5C74 /* form.html */,
				633E2BC4297D617500AE5C74 /* secondForm.html */,
				633E2BC6297D7D2A00AE5C74 /* ViewModel.swift */,
				633E2BC8297D7DD400AE5C74 /* AppManager.swift */,
				6364FF74297AC54C00998EF7 /* ContentView.swift */,
				633E2BBA297AC98D00AE5C74 /* SwiftUIWebView.swift */,
				633E2BBE297AF2A000AE5C74 /* SampleWebView.swift */,
				633E2BBC297AF16E00AE5C74 /* SampleWebview+ScriptMessageHandler.swift */,
				633E2BC2297D4FE500AE5C74 /* SampleWebView+NavigationDelegate.swift */,
				6364FF76297AC54D00998EF7 /* Assets.xcassets */,
				6364FF78297AC54D00998EF7 /* Preview Content */,
			);
			path = WebViewSwiftUI;
			sourceTree = "<group>";
		};
		6364FF78297AC54D00998EF7 /* Preview Content */ = {
			isa = PBXGroup;
			children = (
				6364FF79297AC54D00998EF7 /* Preview Assets.xcassets */,
			);
			path = "Preview Content";
			sourceTree = "<group>";
		};
/* End PBXGroup section */

/* Begin PBXNativeTarget section */
		6364FF6E297AC54C00998EF7 /* WebViewSwiftUI */ = {
			isa = PBXNativeTarget;
			buildConfigurationList = 6364FF7D297AC54D00998EF7 /* Build configuration list for PBXNativeTarget "WebViewSwiftUI" */;
			buildPhases = (
				6364FF6B297AC54C00998EF7 /* Sources */,
				6364FF6C297AC54C00998EF7 /* Frameworks */,
				6364FF6D297AC54C00998EF7 /* Resources */,
			);
			buildRules = (
			);
			dependencies = (
			);
			name = WebViewSwiftUI;
			productName = WebViewSwiftUI;
			productReference = 6364FF6F297AC54C00998EF7 /* WebViewSwiftUI.app */;
			productType = "com.apple.product-type.application";
		};
/* End PBXNativeTarget section */

/* Begin PBXProject section */
		6364FF67297AC54C00998EF7 /* Project object */ = {
			isa = PBXProject;
			attributes = {
				BuildIndependentTargetsInParallel = 1;
				LastSwiftUpdateCheck = 1420;
				LastUpgradeCheck = 1420;
				TargetAttributes = {
					6364FF6E297AC54C00998EF7 = {
						CreatedOnToolsVersion = 14.2;
					};
				};
			};
			buildConfigurationList = 6364FF6A297AC54C00998EF7 /* Build configuration list for PBXProject "WebViewSwiftUI" */;
			compatibilityVersion = "Xcode 14.0";
			developmentRegion = en;
			hasScannedForEncodings = 0;
			knownRegions = (
				en,
				Base,
			);
			mainGroup = 6364FF66297AC54C00998EF7;
			productRefGroup = 6364FF70297AC54C00998EF7 /* Products */;
			projectDirPath = "";
			projectRoot = "";
			targets = (
				6364FF6E297AC54C00998EF7 /* WebViewSwiftUI */,
			);
		};
/* End PBXProject section */

/* Begin PBXResourcesBuildPhase section */
		6364FF6D297AC54C00998EF7 /* Resources */ = {
			isa = PBXResourcesBuildPhase;
			buildActionMask = 2147483647;
			files = (
				633E2BC1297B03B700AE5C74 /* form.html in Resources */,
				6364FF7A297AC54D00998EF7 /* Preview Assets.xcassets in Resources */,
				633E2BC5297D617500AE5C74 /* secondForm.html in Resources */,
				6364FF77297AC54D00998EF7 /* Assets.xcassets in Resources */,
			);
			runOnlyForDeploymentPostprocessing = 0;
		};
/* End PBXResourcesBuildPhase section */

/* Begin PBXSourcesBuildPhase section */
		6364FF6B297AC54C00998EF7 /* Sources */ = {
			isa = PBXSourcesBuildPhase;
			buildActionMask = 2147483647;
			files = (
				6364FF75297AC54C00998EF7 /* ContentView.swift in Sources */,
				633E2BBD297AF16E00AE5C74 /* SampleWebview+ScriptMessageHandler.swift in Sources */,
				633E2BBB297AC98D00AE5C74 /* SwiftUIWebView.swift in Sources */,
				6364FF73297AC54C00998EF7 /* WebViewSwiftUIApp.swift in Sources */,
				633E2BC3297D4FE500AE5C74 /* SampleWebView+NavigationDelegate.swift in Sources */,
				633E2BBF297AF2A000AE5C74 /* SampleWebView.swift in Sources */,
				633E2BC7297D7D2A00AE5C74 /* ViewModel.swift in Sources */,
				633E2BC9297D7DD400AE5C74 /* AppManager.swift in Sources */,
			);
			runOnlyForDeploymentPostprocessing = 0;
		};
/* End PBXSourcesBuildPhase section */

/* Begin XCBuildConfiguration section */
		6364FF7B297AC54D00998EF7 /* Debug */ = {
			isa = XCBuildConfiguration;
			buildSettings = {
				ALWAYS_SEARCH_USER_PATHS = NO;
				CLANG_ANALYZER_NONNULL = YES;
				CLANG_ANALYZER_NUMBER_OBJECT_CONVERSION = YES_AGGRESSIVE;
				CLANG_CXX_LANGUAGE_STANDARD = "gnu++20";
				CLANG_ENABLE_MODULES = YES;
				CLANG_ENABLE_OBJC_ARC = YES;
				CLANG_ENABLE_OBJC_WEAK = YES;
				CLANG_WARN_BLOCK_CAPTURE_AUTORELEASING = YES;
				CLANG_WARN_BOOL_CONVERSION = YES;
				CLANG_WARN_COMMA = YES;
				CLANG_WARN_CONSTANT_CONVERSION = YES;
				CLANG_WARN_DEPRECATED_OBJC_IMPLEMENTATIONS = YES;
				CLANG_WARN_DIRECT_OBJC_ISA_USAGE = YES_ERROR;
				CLANG_WARN_DOCUMENTATION_COMMENTS = YES;
				CLANG_WARN_EMPTY_BODY = YES;
				CLANG_WARN_ENUM_CONVERSION = YES;
				CLANG_WARN_INFINITE_RECURSION = YES;
				CLANG_WARN_INT_CONVERSION = YES;
				CLANG_WARN_NON_LITERAL_NULL_CONVERSION = YES;
				CLANG_WARN_OBJC_IMPLICIT_RETAIN_SELF = YES;
				CLANG_WARN_OBJC_LITERAL_CONVERSION = YES;
				CLANG_WARN_OBJC_ROOT_CLASS = YES_ERROR;
				CLANG_WARN_QUOTED_INCLUDE_IN_FRAMEWORK_HEADER = YES;
				CLANG_WARN_RANGE_LOOP_ANALYSIS = YES;
				CLANG_WARN_STRICT_PROTOTYPES = YES;
				CLANG_WARN_SUSPICIOUS_MOVE = YES;
				CLANG_WARN_UNGUARDED_AVAILABILITY = YES_AGGRESSIVE;
				CLANG_WARN_UNREACHABLE_CODE = YES;
				CLANG_WARN__DUPLICATE_METHOD_MATCH = YES;
				COPY_PHASE_STRIP = NO;
				DEBUG_INFORMATION_FORMAT = dwarf;
				ENABLE_STRICT_OBJC_MSGSEND = YES;
				ENABLE_TESTABILITY = YES;
				GCC_C_LANGUAGE_STANDARD = gnu11;
				GCC_DYNAMIC_NO_PIC = NO;
				GCC_NO_COMMON_BLOCKS = YES;
				GCC_OPTIMIZATION_LEVEL = 0;
				GCC_PREPROCESSOR_DEFINITIONS = (
					"DEBUG=1",
					"$(inherited)",
				);
				GCC_WARN_64_TO_32_BIT_CONVERSION = YES;
				GCC_WARN_ABOUT_RETURN_TYPE = YES_ERROR;
				GCC_WARN_UNDECLARED_SELECTOR = YES;
				GCC_WARN_UNINITIALIZED_AUTOS = YES_AGGRESSIVE;
				GCC_WARN_UNUSED_FUNCTION = YES;
				GCC_WARN_UNUSED_VARIABLE = YES;
				IPHONEOS_DEPLOYMENT_TARGET = 16.2;
				MTL_ENABLE_DEBUG_INFO = INCLUDE_SOURCE;
				MTL_FAST_MATH = YES;
				ONLY_ACTIVE_ARCH = YES;
				SDKROOT = iphoneos;
				SWIFT_ACTIVE_COMPILATION_CONDITIONS = DEBUG;
				SWIFT_OPTIMIZATION_LEVEL = "-Onone";
			};
			name = Debug;
		};
		6364FF7C297AC54D00998EF7 /* Release */ = {
			isa = XCBuildConfiguration;
			buildSettings = {
				ALWAYS_SEARCH_USER_PATHS = NO;
				CLANG_ANALYZER_NONNULL = YES;
				CLANG_ANALYZER_NUMBER_OBJECT_CONVERSION = YES_AGGRESSIVE;
				CLANG_CXX_LANGUAGE_STANDARD = "gnu++20";
				CLANG_ENABLE_MODULES = YES;
				CLANG_ENABLE_OBJC_ARC = YES;
				CLANG_ENABLE_OBJC_WEAK = YES;
				CLANG_WARN_BLOCK_CAPTURE_AUTORELEASING = YES;
				CLANG_WARN_BOOL_CONVERSION = YES;
				CLANG_WARN_COMMA = YES;
				CLANG_WARN_CONSTANT_CONVERSION = YES;
				CLANG_WARN_DEPRECATED_OBJC_IMPLEMENTATIONS = YES;
				CLANG_WARN_DIRECT_OBJC_ISA_USAGE = YES_ERROR;
				CLANG_WARN_DOCUMENTATION_COMMENTS = YES;
				CLANG_WARN_EMPTY_BODY = YES;
				CLANG_WARN_ENUM_CONVERSION = YES;
				CLANG_WARN_INFINITE_RECURSION = YES;
				CLANG_WARN_INT_CONVERSION = YES;
				CLANG_WARN_NON_LITERAL_NULL_CONVERSION = YES;
				CLANG_WARN_OBJC_IMPLICIT_RETAIN_SELF = YES;
				CLANG_WARN_OBJC_LITERAL_CONVERSION = YES;
				CLANG_WARN_OBJC_ROOT_CLASS = YES_ERROR;
				CLANG_WARN_QUOTED_INCLUDE_IN_FRAMEWORK_HEADER = YES;
				CLANG_WARN_RANGE_LOOP_ANALYSIS = YES;
				CLANG_WARN_STRICT_PROTOTYPES = YES;
				CLANG_WARN_SUSPICIOUS_MOVE = YES;
				CLANG_WARN_UNGUARDED_AVAILABILITY = YES_AGGRESSIVE;
				CLANG_WARN_UNREACHABLE_CODE = YES;
				CLANG_WARN__DUPLICATE_METHOD_MATCH = YES;
				COPY_PHASE_STRIP = NO;
				DEBUG_INFORMATION_FORMAT = "dwarf-with-dsym";
				ENABLE_NS_ASSERTIONS = NO;
				ENABLE_STRICT_OBJC_MSGSEND = YES;
				GCC_C_LANGUAGE_STANDARD = gnu11;
				GCC_NO_COMMON_BLOCKS = YES;
				GCC_WARN_64_TO_32_BIT_CONVERSION = YES;
				GCC_WARN_ABOUT_RETURN_TYPE = YES_ERROR;
				GCC_WARN_UNDECLARED_SELECTOR = YES;
				GCC_WARN_UNINITIALIZED_AUTOS = YES_AGGRESSIVE;
				GCC_WARN_UNUSED_FUNCTION = YES;
				GCC_WARN_UNUSED_VARIABLE = YES;
				IPHONEOS_DEPLOYMENT_TARGET = 16.2;
				MTL_ENABLE_DEBUG_INFO = NO;
				MTL_FAST_MATH = YES;
				SDKROOT = iphoneos;
				SWIFT_COMPILATION_MODE = wholemodule;
				SWIFT_OPTIMIZATION_LEVEL = "-O";
				VALIDATE_PRODUCT = YES;
			};
			name = Release;
		};
		6364FF7E297AC54D00998EF7 /* Debug */ = {
			isa = XCBuildConfiguration;
			buildSettings = {
				ASSETCATALOG_COMPILER_APPICON_NAME = AppIcon;
				ASSETCATALOG_COMPILER_GLOBAL_ACCENT_COLOR_NAME = AccentColor;
				CODE_SIGN_STYLE = Automatic;
				CURRENT_PROJECT_VERSION = 1;
				DEVELOPMENT_ASSET_PATHS = "\"WebViewSwiftUI/Preview Content\"";
				DEVELOPMENT_TEAM = F2CKUUZAW7;
				ENABLE_PREVIEWS = YES;
				GENERATE_INFOPLIST_FILE = YES;
				INFOPLIST_KEY_UIApplicationSceneManifest_Generation = YES;
				INFOPLIST_KEY_UIApplicationSupportsIndirectInputEvents = YES;
				INFOPLIST_KEY_UILaunchScreen_Generation = YES;
				INFOPLIST_KEY_UISupportedInterfaceOrientations_iPad = "UIInterfaceOrientationPortrait UIInterfaceOrientationPortraitUpsideDown UIInterfaceOrientationLandscapeLeft UIInterfaceOrientationLandscapeRight";
				INFOPLIST_KEY_UISupportedInterfaceOrientations_iPhone = "UIInterfaceOrientationPortrait UIInterfaceOrientationLandscapeLeft UIInterfaceOrientationLandscapeRight";
				LD_RUNPATH_SEARCH_PATHS = (
					"$(inherited)",
					"@executable_path/Frameworks",
				);
				MARKETING_VERSION = 1.0;
				PRODUCT_BUNDLE_IDENTIFIER = edo.WebViewSwiftUI;
				PRODUCT_NAME = "$(TARGET_NAME)";
				SWIFT_EMIT_LOC_STRINGS = YES;
				SWIFT_VERSION = 5.0;
				TARGETED_DEVICE_FAMILY = "1,2";
			};
			name = Debug;
		};
		6364FF7F297AC54D00998EF7 /* Release */ = {
			isa = XCBuildConfiguration;
			buildSettings = {
				ASSETCATALOG_COMPILER_APPICON_NAME = AppIcon;
				ASSETCATALOG_COMPILER_GLOBAL_ACCENT_COLOR_NAME = AccentColor;
				CODE_SIGN_STYLE = Automatic;
				CURRENT_PROJECT_VERSION = 1;
				DEVELOPMENT_ASSET_PATHS = "\"WebViewSwiftUI/Preview Content\"";
				DEVELOPMENT_TEAM = F2CKUUZAW7;
				ENABLE_PREVIEWS = YES;
				GENERATE_INFOPLIST_FILE = YES;
				INFOPLIST_KEY_UIApplicationSceneManifest_Generation = YES;
				INFOPLIST_KEY_UIApplicationSupportsIndirectInputEvents = YES;
				INFOPLIST_KEY_UILaunchScreen_Generation = YES;
				INFOPLIST_KEY_UISupportedInterfaceOrientations_iPad = "UIInterfaceOrientationPortrait UIInterfaceOrientationPortraitUpsideDown UIInterfaceOrientationLandscapeLeft UIInterfaceOrientationLandscapeRight";
				INFOPLIST_KEY_UISupportedInterfaceOrientations_iPhone = "UIInterfaceOrientationPortrait UIInterfaceOrientationLandscapeLeft UIInterfaceOrientationLandscapeRight";
				LD_RUNPATH_SEARCH_PATHS = (
					"$(inherited)",
					"@executable_path/Frameworks",
				);
				MARKETING_VERSION = 1.0;
				PRODUCT_BUNDLE_IDENTIFIER = edo.WebViewSwiftUI;
				PRODUCT_NAME = "$(TARGET_NAME)";
				SWIFT_EMIT_LOC_STRINGS = YES;
				SWIFT_VERSION = 5.0;
				TARGETED_DEVICE_FAMILY = "1,2";
			};
			name = Release;
		};
/* End XCBuildConfiguration section */

/* Begin XCConfigurationList section */
		6364FF6A297AC54C00998EF7 /* Build configuration list for PBXProject "WebViewSwiftUI" */ = {
			isa = XCConfigurationList;
			buildConfigurations = (
				6364FF7B297AC54D00998EF7 /* Debug */,
				6364FF7C297AC54D00998EF7 /* Release */,
			);
			defaultConfigurationIsVisible = 0;
			defaultConfigurationName = Release;
		};
		6364FF7D297AC54D00998EF7 /* Build configuration list for PBXNativeTarget "WebViewSwiftUI" */ = {
			isa = XCConfigurationList;
			buildConfigurations = (
				6364FF7E297AC54D00998EF7 /* Debug */,
				6364FF7F297AC54D00998EF7 /* Release */,
			);
			defaultConfigurationIsVisible = 0;
			defaultConfigurationName = Release;
		};
/* End XCConfigurationList section */
	};
	rootObject = 6364FF67297AC54C00998EF7 /* Project object */;
}
